
Microsoft Visual Studio Solution File, Format Version 12.00
# Visual Studio Version 17
VisualStudioVersion = 17.11.35312.102
MinimumVisualStudioVersion = 10.0.40219.1
Project("{FAE04EC0-301F-11D3-BF4B-00C04F79EFBC}") = "Laba_8_9", "Laba_8_9.csproj", "{EF07F2B3-6C97-41F5-9C51-72A2D5D2FCAF}"
EndProject
Global
	GlobalSection(SolutionConfigurationPlatforms) = preSolution
		Debug|Any CPU = Debug|Any CPU
		Release|Any CPU = Release|Any CPU
	EndGlobalSection
	GlobalSection(ProjectConfigurationPlatforms) = postSolution
		{EF07F2B3-6C97-41F5-9C51-72A2D5D2FCAF}.Debug|Any CPU.ActiveCfg = Debug|Any CPU
		{EF07F2B3-6C97-41F5-9C51-72A2D5D2FCAF}.Debug|Any CPU.Build.0 = Debug|Any CPU
		{EF07F2B3-6C97-41F5-9C51-72A2D5D2FCAF}.Release|Any CPU.ActiveCfg = Release|Any CPU
		{EF07F2B3-6C97-41F5-9C51-72A2D5D2FCAF}.Release|Any CPU.Build.0 = Release|Any CPU
	EndGlobalSection
	GlobalSection(SolutionProperties) = preSolution
		HideSolutionNode = FALSE
	EndGlobalSection
	GlobalSection(ExtensibilityGlobals) = postSolution
		SolutionGuid = {40E44CFC-7B9B-434D-A220-E94805E3906B}
	EndGlobalSection
EndGlobal
